{
  "name": "jupyter_analysis_visualize",
  "lockfileVersion": 3,
  "requires": true,
  "packages": {
    "": {
      "dependencies": {
        "@google/generative-ai": "^0.24.1",
        "upgrade": "^1.1.0"
      }
    },
    "node_modules/@google/generative-ai": {
      "version": "0.24.1",
      "resolved": "https://registry.npmjs.org/@google/generative-ai/-/generative-ai-0.24.1.tgz",
      "integrity": "sha512-MqO+MLfM6kjxcKoy0p1wRzG3b4ZZXtPI+z2IE26UogS2Cm/XHO+7gGRBh6gcJsOiIVoH93UwKvW4HdgiOZCy9Q==",
      "license": "Apache-2.0",
      "engines": {
        "node": ">=18.0.0"
      }
    },
    "node_modules/upgrade": {
      "version": "1.1.0",
      "resolved": "https://registry.npmjs.org/upgrade/-/upgrade-1.1.0.tgz",
      "integrity": "sha512-NtkVvqVCqsJo5U3mYRum2Tw6uCltOxfIJ/AfTZeTmw6U39IB5X23xF+kRZ9aiPaORqeiQQ7Q209/ibhOvxzwHA==",
      "license": "MIT"
    }
  }
}
